schema: '2.0'
stages:
  data_ingestion:
    cmd: python src/data/data_ingestion.py
    deps:
    - path: src/data/data_ingestion.py
      hash: md5
      md5: e9fa31d16334b7c23740c5dda9c2f5a4
      size: 5311
    params:
      params.yaml:
        data_ingestion.test_size: 0.2
    outs:
    - path: data/raw
      hash: md5
      md5: 6ef26d7f2994f82e13e47ca99a0d169f.dir
      size: 28176527
      nfiles: 2
  data_preprocessing:
    cmd: python src/data/data_preprocessing.py
    deps:
    - path: data/raw
      hash: md5
      md5: 6ef26d7f2994f82e13e47ca99a0d169f.dir
      size: 28176527
      nfiles: 2
    - path: src/data/data_preprocessing.py
      hash: md5
      md5: 73282b92636545bcf0757c556e86f86e
      size: 7645
    outs:
    - path: data/interim
      hash: md5
      md5: 349e42b61f6fe661420438b00a716b4b.dir
      size: 21338922
      nfiles: 2
  feature_engineering:
    cmd: python src/features/feature_engineering.py
    deps:
    - path: data/interim
      hash: md5
      md5: 8aec50b516d13a339f68e7135e4ad9bc.dir
      size: 21534045
      nfiles: 2
    - path: src/features/feature_engineering.py
      hash: md5
      md5: 68bb51691db8b7d324a34d0d37e6f326
      size: 5205
    params:
      params.yaml:
        feature_engineering.batch_size: 32
        feature_engineering.max_len: 100
    outs:
    - path: data/processed
      hash: md5
      md5: 5ef7cf87d7dbc7eca41aa6e26dff5311.dir
      size: 27232233
      nfiles: 4
  model_building:
    cmd: python src/model/model_building.py
    deps:
    - path: data/interim
      hash: md5
      md5: 349e42b61f6fe661420438b00a716b4b.dir
      size: 21338922
      nfiles: 2
    - path: src/model/model_building.py
      hash: md5
      md5: ea4b0f1315852583d3cbf62a466b8c17
      size: 10121
    params:
      params.yaml:
        model_building.batch_size: 32
        model_building.embed_dim: 100
        model_building.hidden_dim: 128
        model_building.learning_rate: 0.00274134071928009
        model_building.max_len: 100
    outs:
    - path: models/bilstm_attention_model.pth
      hash: md5
      md5: 16202468684389d7d3e243609a84794e
      size: 41879086
  model_evaluation:
    cmd: python src/model/model_evaluation.py
    deps:
    - path: data/interim
      hash: md5
      md5: 349e42b61f6fe661420438b00a716b4b.dir
      size: 21338922
      nfiles: 2
    - path: models/bilstm_attention_model.pth
      hash: md5
      md5: 16202468684389d7d3e243609a84794e
      size: 41879086
    - path: src/model/model_evaluation.py
      hash: md5
      md5: 7624fd3e0db4f7a97e53a5d23f8aa01b
      size: 11824
    params:
      params.yaml:
        model_building.batch_size: 32
        model_building.max_len: 100
    outs:
    - path: reports/evaluation_results.json
      hash: md5
      md5: e0d818d6ced429fd347ddf0f8e59083e
      size: 710
  model_registration:
    cmd: python src/model/register_model.py
    deps:
    - path: experiment_info.json
      hash: md5
      md5: 5d5e9bab6c149619234f6cb6dd6be6cd
      size: 96
    - path: src/model/register_model.py
      hash: md5
      md5: 3914ed04dfb6c8887d710b1351ee2df1
      size: 3388
